# This file was autogenerated by uv via the following command:
#    uv pip compile requirements.txt -o requirements.lock
numpy==1.24.4
    # via
    #   -r requirements.txt
    #   pandas
pandas==1.5.3
    # via -r requirements.txt
python-dateutil==2.9.0.post0
    # via pandas
pytz==2026.2
    # via pandas
six==1.17.0
    # via python-dateutil
